
Microsoft Visual Studio Solution File, Format Version 12.00
Project("{FAE04EC0-301F-11D3-BF4B-00C04F79EFBC}") = "NumberGenerator", "src\NumberGenerator\NumberGenerator.csproj", "{BD355312-8FFB-4124-8CFC-1BCC444B69EF}"
EndProject
Global
	GlobalSection(SolutionConfigurationPlatforms) = preSolution
		Debug|Any CPU = Debug|Any CPU
		Release|Any CPU = Release|Any CPU
	EndGlobalSection
	GlobalSection(ProjectConfigurationPlatforms) = postSolution
		{BD355312-8FFB-4124-8CFC-1BCC444B69EF}.Debug|Any CPU.ActiveCfg = Debug|Any CPU
		{BD355312-8FFB-4124-8CFC-1BCC444B69EF}.Debug|Any CPU.Build.0 = Debug|Any CPU
		{BD355312-8FFB-4124-8CFC-1BCC444B69EF}.Release|Any CPU.ActiveCfg = Release|Any CPU
		{BD355312-8FFB-4124-8CFC-1BCC444B69EF}.Release|Any CPU.Build.0 = Release|Any CPU
	EndGlobalSection
EndGlobal
